#MicroXplorer Configuration settings - do not modify
CAD.formats=
CAD.pinconfig=
CAD.provider=
File.Version=6
GPIO.groupedBy=Group By Peripherals
KeepUserPlacement=false
Mcu.CPN=STM32F401CCU6
Mcu.Family=STM32F4
Mcu.IP0=NVIC
Mcu.IP1=RCC
Mcu.IP2=SPI1
Mcu.IP3=SYS
Mcu.IP4=TIM1
Mcu.IP5=TIM2
Mcu.IP6=TIM3
Mcu.IP7=TIM4
Mcu.IP8=TIM5
Mcu.IPNb=9
Mcu.Name=STM32F401C(B-C)Ux
Mcu.Package=UFQFPN48
Mcu.Pin0=PH0 - OSC_IN
Mcu.Pin1=PH1 - OSC_OUT
Mcu.Pin10=PB15
Mcu.Pin11=PA8
Mcu.Pin12=PA10
Mcu.Pin13=PA11
Mcu.Pin14=PA12
Mcu.Pin15=PA13
Mcu.Pin16=PA14
Mcu.Pin17=PA15
Mcu.Pin18=PB3
Mcu.Pin19=PB4
Mcu.Pin2=PA0-WKUP
Mcu.Pin20=PB5
Mcu.Pin21=PB6
Mcu.Pin22=PB7
Mcu.Pin23=PB8
Mcu.Pin24=PB9
Mcu.Pin25=VP_SYS_VS_Systick
Mcu.Pin26=VP_TIM1_VS_indirect_ch1
Mcu.Pin27=VP_TIM1_VS_indirect_ch3
Mcu.Pin28=VP_TIM2_VS_ClockSourceINT
Mcu.Pin29=VP_TIM3_VS_indirect_ch1
Mcu.Pin3=PA1
Mcu.Pin30=VP_TIM3_VS_indirect_ch3
Mcu.Pin31=VP_TIM4_VS_indirect_ch1
Mcu.Pin32=VP_TIM4_VS_indirect_ch3
Mcu.Pin33=VP_TIM5_VS_indirect_ch1
Mcu.Pin34=VP_TIM5_VS_indirect_ch3
Mcu.Pin4=PA2
Mcu.Pin5=PA3
Mcu.Pin6=PA6
Mcu.Pin7=PA7
Mcu.Pin8=PB0
Mcu.Pin9=PB1
Mcu.PinsNb=35
Mcu.ThirdPartyNb=0
Mcu.UserConstants=
Mcu.UserName=STM32F401CCUx
MxCube.Version=6.11.0
MxDb.Version=DB.6.0.110
NVIC.BusFault_IRQn=true\:0\:0\:false\:false\:true\:false\:false\:false
NVIC.DebugMonitor_IRQn=true\:0\:0\:false\:false\:true\:false\:false\:false
NVIC.ForceEnableDMAVector=true
NVIC.HardFault_IRQn=true\:0\:0\:false\:false\:true\:false\:false\:false
NVIC.MemoryManagement_IRQn=true\:0\:0\:false\:false\:true\:false\:false\:false
NVIC.NonMaskableInt_IRQn=true\:0\:0\:false\:false\:true\:false\:false\:false
NVIC.PendSV_IRQn=true\:0\:0\:false\:false\:true\:false\:false\:false
NVIC.PriorityGroup=NVIC_PRIORITYGROUP_4
NVIC.SVCall_IRQn=true\:0\:0\:false\:false\:true\:false\:false\:false
NVIC.SysTick_IRQn=true\:15\:0\:false\:false\:true\:false\:true\:false
NVIC.TIM1_CC_IRQn=true\:0\:0\:false\:false\:true\:true\:true\:true
NVIC.TIM3_IRQn=true\:0\:0\:false\:false\:true\:true\:true\:true
NVIC.TIM4_IRQn=true\:0\:0\:false\:false\:true\:true\:true\:true
NVIC.TIM5_IRQn=true\:0\:0\:false\:false\:true\:true\:true\:true
NVIC.UsageFault_IRQn=true\:0\:0\:false\:false\:true\:false\:false\:false
PA0-WKUP.GPIOParameters=GPIO_PuPd,GPIO_Label
PA0-WKUP.GPIO_Label=ULTRASONIC_8_ECHO
PA0-WKUP.GPIO_PuPd=GPIO_PULLDOWN
PA0-WKUP.Signal=S_TIM5_CH1
PA1.GPIOParameters=GPIO_Label
PA1.GPIO_Label=ULTRASONIC_8_TRIG
PA1.Locked=true
PA1.Signal=GPIO_Output
PA10.GPIOParameters=GPIO_PuPd,GPIO_Label
PA10.GPIO_Label=ULTRASONIC_6_ECHO
PA10.GPIO_PuPd=GPIO_PULLDOWN
PA10.Signal=S_TIM1_CH3
PA11.GPIOParameters=GPIO_Label
PA11.GPIO_Label=ULTRASONIC_6_TRIG
PA11.Locked=true
PA11.Signal=GPIO_Output
PA12.GPIOParameters=GPIO_Label
PA12.GPIO_Label=W5500_RES
PA12.Locked=true
PA12.Signal=GPIO_Output
PA13.Mode=Serial_Wire
PA13.Signal=SYS_JTMS-SWDIO
PA14.Mode=Serial_Wire
PA14.Signal=SYS_JTCK-SWCLK
PA15.GPIOParameters=GPIO_Label
PA15.GPIO_Label=W5500_CS
PA15.Locked=true
PA15.Signal=GPIO_Output
PA2.GPIOParameters=GPIO_PuPd,GPIO_Label
PA2.GPIO_Label=ULTRASONIC_2_ECHO
PA2.GPIO_PuPd=GPIO_PULLDOWN
PA2.Signal=S_TIM5_CH3
PA3.GPIOParameters=GPIO_Label
PA3.GPIO_Label=ULTRASONIC_2_TRIG
PA3.Locked=true
PA3.Signal=GPIO_Output
PA6.GPIOParameters=GPIO_PuPd,GPIO_Label
PA6.GPIO_Label=ULTRASONIC_1_ECHO
PA6.GPIO_PuPd=GPIO_PULLDOWN
PA6.Signal=S_TIM3_CH1
PA7.GPIOParameters=GPIO_Label
PA7.GPIO_Label=ULTRASONIC_1_TRIG
PA7.Locked=true
PA7.Signal=GPIO_Output
PA8.GPIOParameters=GPIO_PuPd,GPIO_Label
PA8.GPIO_Label=ULTRASONIC_4_ECHO
PA8.GPIO_PuPd=GPIO_PULLDOWN
PA8.Signal=S_TIM1_CH1
PB0.GPIOParameters=GPIO_PuPd,GPIO_Label
PB0.GPIO_Label=ULTRASONIC_3_ECHO
PB0.GPIO_PuPd=GPIO_PULLDOWN
PB0.Signal=S_TIM3_CH3
PB1.GPIOParameters=GPIO_Label
PB1.GPIO_Label=ULTRASONIC_3_TRIG
PB1.Locked=true
PB1.Signal=GPIO_Output
PB15.GPIOParameters=GPIO_Label
PB15.GPIO_Label=ULTRASONIC_4_TRIG
PB15.Locked=true
PB15.Signal=GPIO_Output
PB3.GPIOParameters=GPIO_Label
PB3.GPIO_Label=W5500_SCK
PB3.Locked=true
PB3.Mode=Full_Duplex_Master
PB3.Signal=SPI1_SCK
PB4.GPIOParameters=GPIO_Label
PB4.GPIO_Label=W5500_MISO
PB4.Mode=Full_Duplex_Master
PB4.Signal=SPI1_MISO
PB5.GPIOParameters=GPIO_Label
PB5.GPIO_Label=W5500_MOSI
PB5.Mode=Full_Duplex_Master
PB5.Signal=SPI1_MOSI
PB6.GPIOParameters=GPIO_PuPd,GPIO_Label
PB6.GPIO_Label=ULTRASONIC_5_ECHO
PB6.GPIO_PuPd=GPIO_PULLDOWN
PB6.Signal=S_TIM4_CH1
PB7.GPIOParameters=GPIO_Label
PB7.GPIO_Label=ULTRASONIC_5_TRIG
PB7.Locked=true
PB7.Signal=GPIO_Output
PB8.GPIOParameters=GPIO_PuPd,GPIO_Label
PB8.GPIO_Label=ULTRASONIC_7_ECHO
PB8.GPIO_PuPd=GPIO_PULLDOWN
PB8.Signal=S_TIM4_CH3
PB9.GPIOParameters=GPIO_Label
PB9.GPIO_Label=ULTRASONIC_7_TRIG
PB9.Locked=true
PB9.Signal=GPIO_Output
PH0\ -\ OSC_IN.Mode=HSE-External-Oscillator
PH0\ -\ OSC_IN.Signal=RCC_OSC_IN
PH1\ -\ OSC_OUT.Mode=HSE-External-Oscillator
PH1\ -\ OSC_OUT.Signal=RCC_OSC_OUT
PinOutPanel.RotationAngle=0
ProjectManager.AskForMigrate=true
ProjectManager.BackupPrevious=false
ProjectManager.CompilerOptimize=6
ProjectManager.ComputerToolchain=false
ProjectManager.CoupleFile=true
ProjectManager.CustomerFirmwarePackage=
ProjectManager.DefaultFWLocation=true
ProjectManager.DeletePrevious=true
ProjectManager.DeviceId=STM32F401CCUx
ProjectManager.FirmwarePackage=STM32Cube FW_F4 V1.28.0
ProjectManager.FreePins=false
ProjectManager.HalAssertFull=false
ProjectManager.HeapSize=0x200
ProjectManager.KeepUserCode=true
ProjectManager.LastFirmware=false
ProjectManager.LibraryCopy=1
ProjectManager.MainLocation=Core/Src
ProjectManager.NoMain=false
ProjectManager.PreviousToolchain=
ProjectManager.ProjectBuild=false
ProjectManager.ProjectFileName=Polden_lidar.ioc
ProjectManager.ProjectName=Polden_lidar
ProjectManager.ProjectStructure=
ProjectManager.RegisterCallBack=
ProjectManager.StackSize=0x400
ProjectManager.TargetToolchain=STM32CubeIDE
ProjectManager.ToolChainLocation=
ProjectManager.UAScriptAfterPath=
ProjectManager.UAScriptBeforePath=
ProjectManager.UnderRoot=true
ProjectManager.functionlistsort=1-SystemClock_Config-RCC-false-HAL-false,2-MX_GPIO_Init-GPIO-false-HAL-true,3-MX_SPI1_Init-SPI1-false-HAL-true,4-MX_TIM1_Init-TIM1-false-HAL-true,5-MX_TIM2_Init-TIM2-false-HAL-true,6-MX_TIM3_Init-TIM3-false-HAL-true,7-MX_TIM4_Init-TIM4-false-HAL-true,8-MX_TIM5_Init-TIM5-false-HAL-true
RCC.48MHZClocksFreq_Value=42000000
RCC.AHBFreq_Value=84000000
RCC.APB1CLKDivider=RCC_HCLK_DIV2
RCC.APB1Freq_Value=42000000
RCC.APB1TimFreq_Value=84000000
RCC.APB2Freq_Value=84000000
RCC.APB2TimFreq_Value=84000000
RCC.CortexFreq_Value=84000000
RCC.FCLKCortexFreq_Value=84000000
RCC.HCLKFreq_Value=84000000
RCC.HSE_VALUE=25000000
RCC.HSI_VALUE=16000000
RCC.I2SClocksFreq_Value=192000000
RCC.IPParameters=48MHZClocksFreq_Value,AHBFreq_Value,APB1CLKDivider,APB1Freq_Value,APB1TimFreq_Value,APB2Freq_Value,APB2TimFreq_Value,CortexFreq_Value,FCLKCortexFreq_Value,HCLKFreq_Value,HSE_VALUE,HSI_VALUE,I2SClocksFreq_Value,LSE_VALUE,LSI_VALUE,PLLCLKFreq_Value,PLLM,PLLN,PLLQCLKFreq_Value,RTCFreq_Value,RTCHSEDivFreq_Value,SYSCLKFreq_VALUE,SYSCLKSource,VCOI2SOutputFreq_Value,VCOInputFreq_Value,VCOOutputFreq_Value,VcooutputI2S
RCC.LSE_VALUE=32768
RCC.LSI_VALUE=32000
RCC.PLLCLKFreq_Value=84000000
RCC.PLLM=8
RCC.PLLN=84
RCC.PLLQCLKFreq_Value=42000000
RCC.RTCFreq_Value=32000
RCC.RTCHSEDivFreq_Value=12500000
RCC.SYSCLKFreq_VALUE=84000000
RCC.SYSCLKSource=RCC_SYSCLKSOURCE_PLLCLK
RCC.VCOI2SOutputFreq_Value=384000000
RCC.VCOInputFreq_Value=2000000
RCC.VCOOutputFreq_Value=168000000
RCC.VcooutputI2S=192000000
SH.S_TIM1_CH1.0=TIM1_CH1,Input_Capture1_from_TI1
SH.S_TIM1_CH1.ConfNb=1
SH.S_TIM1_CH3.0=TIM1_CH3,Input_Capture3_from_TI3
SH.S_TIM1_CH3.ConfNb=1
SH.S_TIM3_CH1.0=TIM3_CH1,Input_Capture1_from_TI1
SH.S_TIM3_CH1.ConfNb=1
SH.S_TIM3_CH3.0=TIM3_CH3,Input_Capture3_from_TI3
SH.S_TIM3_CH3.ConfNb=1
SH.S_TIM4_CH1.0=TIM4_CH1,Input_Capture1_from_TI1
SH.S_TIM4_CH1.ConfNb=1
SH.S_TIM4_CH3.0=TIM4_CH3,Input_Capture3_from_TI3
SH.S_TIM4_CH3.ConfNb=1
SH.S_TIM5_CH1.0=TIM5_CH1,Input_Capture1_from_TI1
SH.S_TIM5_CH1.ConfNb=1
SH.S_TIM5_CH3.0=TIM5_CH3,Input_Capture3_from_TI3
SH.S_TIM5_CH3.ConfNb=1
SPI1.CalculateBaudRate=42.0 MBits/s
SPI1.Direction=SPI_DIRECTION_2LINES
SPI1.IPParameters=VirtualType,Mode,Direction,CalculateBaudRate
SPI1.Mode=SPI_MODE_MASTER
SPI1.VirtualType=VM_MASTER
TIM1.Channel-Input_Capture1_from_TI1=TIM_CHANNEL_1
TIM1.Channel-Input_Capture2_from_TI1_63=TIM_CHANNEL_2
TIM1.Channel-Input_Capture3_from_TI3=TIM_CHANNEL_3
TIM1.Channel-Input_Capture4_from_TI3_63=TIM_CHANNEL_4
TIM1.ICFilter_CH1=15
TIM1.ICFilter_CH3=15
TIM1.ICPolarity_CH2=TIM_INPUTCHANNELPOLARITY_FALLING
TIM1.ICPolarity_CH4=TIM_INPUTCHANNELPOLARITY_FALLING
TIM1.IPParameters=Channel-Input_Capture1_from_TI1,Channel-Input_Capture2_from_TI1_63,Channel-Input_Capture3_from_TI3,Channel-Input_Capture4_from_TI3_63,ICPolarity_CH2,ICPolarity_CH4,Prescaler,ICFilter_CH3,ICFilter_CH1
TIM1.Prescaler=83
TIM2.IPParameters=Prescaler
TIM2.Prescaler=83
TIM3.Channel-Input_Capture1_from_TI1=TIM_CHANNEL_1
TIM3.Channel-Input_Capture2_from_TI1_63=TIM_CHANNEL_2
TIM3.Channel-Input_Capture3_from_TI3=TIM_CHANNEL_3
TIM3.Channel-Input_Capture4_from_TI3_63=TIM_CHANNEL_4
TIM3.ICFilter_CH1=15
TIM3.ICFilter_CH3=15
TIM3.ICPolarity_CH1=TIM_INPUTCHANNELPOLARITY_RISING
TIM3.ICPolarity_CH2=TIM_INPUTCHANNELPOLARITY_FALLING
TIM3.ICPolarity_CH3=TIM_INPUTCHANNELPOLARITY_RISING
TIM3.ICPolarity_CH4=TIM_INPUTCHANNELPOLARITY_FALLING
TIM3.IPParameters=Channel-Input_Capture1_from_TI1,Channel-Input_Capture3_from_TI3,Prescaler,Channel-Input_Capture2_from_TI1_63,Channel-Input_Capture4_from_TI3_63,ICPolarity_CH1,ICPolarity_CH2,ICPolarity_CH3,ICPolarity_CH4,ICFilter_CH1,ICFilter_CH3
TIM3.Prescaler=83
TIM4.Channel-Input_Capture1_from_TI1=TIM_CHANNEL_1
TIM4.Channel-Input_Capture2_from_TI1_63=TIM_CHANNEL_2
TIM4.Channel-Input_Capture3_from_TI3=TIM_CHANNEL_3
TIM4.Channel-Input_Capture4_from_TI3_63=TIM_CHANNEL_4
TIM4.ICFilter_CH1=15
TIM4.ICFilter_CH3=15
TIM4.ICPolarity_CH1=TIM_INPUTCHANNELPOLARITY_RISING
TIM4.ICPolarity_CH2=TIM_INPUTCHANNELPOLARITY_FALLING
TIM4.ICPolarity_CH4=TIM_INPUTCHANNELPOLARITY_FALLING
TIM4.IPParameters=Channel-Input_Capture1_from_TI1,Channel-Input_Capture3_from_TI3,Prescaler,Channel-Input_Capture2_from_TI1_63,Channel-Input_Capture4_from_TI3_63,ICPolarity_CH1,ICPolarity_CH2,ICPolarity_CH4,ICFilter_CH1,ICFilter_CH3
TIM4.Prescaler=83
TIM5.Channel-Input_Capture1_from_TI1=TIM_CHANNEL_1
TIM5.Channel-Input_Capture2_from_TI1_63=TIM_CHANNEL_2
TIM5.Channel-Input_Capture3_from_TI3=TIM_CHANNEL_3
TIM5.Channel-Input_Capture4_from_TI3_63=TIM_CHANNEL_4
TIM5.ICFilter_CH1=15
TIM5.ICFilter_CH3=15
TIM5.ICPolarity_CH2=TIM_INPUTCHANNELPOLARITY_FALLING
TIM5.ICPolarity_CH4=TIM_INPUTCHANNELPOLARITY_FALLING
TIM5.IPParameters=Channel-Input_Capture1_from_TI1,Channel-Input_Capture2_from_TI1_63,Channel-Input_Capture3_from_TI3,Channel-Input_Capture4_from_TI3_63,ICPolarity_CH2,ICPolarity_CH4,Prescaler,ICFilter_CH1,ICFilter_CH3,Period
TIM5.Period=65535
TIM5.Prescaler=83
VP_SYS_VS_Systick.Mode=SysTick
VP_SYS_VS_Systick.Signal=SYS_VS_Systick
VP_TIM1_VS_indirect_ch1.Mode=Input_Capture2_from_TI1_63
VP_TIM1_VS_indirect_ch1.Signal=TIM1_VS_indirect_ch1
VP_TIM1_VS_indirect_ch3.Mode=Input_Capture4_from_TI3_63
VP_TIM1_VS_indirect_ch3.Signal=TIM1_VS_indirect_ch3
VP_TIM2_VS_ClockSourceINT.Mode=Internal
VP_TIM2_VS_ClockSourceINT.Signal=TIM2_VS_ClockSourceINT
VP_TIM3_VS_indirect_ch1.Mode=Input_Capture2_from_TI1_63
VP_TIM3_VS_indirect_ch1.Signal=TIM3_VS_indirect_ch1
VP_TIM3_VS_indirect_ch3.Mode=Input_Capture4_from_TI3_63
VP_TIM3_VS_indirect_ch3.Signal=TIM3_VS_indirect_ch3
VP_TIM4_VS_indirect_ch1.Mode=Input_Capture2_from_TI1_63
VP_TIM4_VS_indirect_ch1.Signal=TIM4_VS_indirect_ch1
VP_TIM4_VS_indirect_ch3.Mode=Input_Capture4_from_TI3_63
VP_TIM4_VS_indirect_ch3.Signal=TIM4_VS_indirect_ch3
VP_TIM5_VS_indirect_ch1.Mode=Input_Capture2_from_TI1_63
VP_TIM5_VS_indirect_ch1.Signal=TIM5_VS_indirect_ch1
VP_TIM5_VS_indirect_ch3.Mode=Input_Capture4_from_TI3_63
VP_TIM5_VS_indirect_ch3.Signal=TIM5_VS_indirect_ch3
board=custom
isbadioc=false
